
Microsoft Visual Studio Solution File, Format Version 12.00
# Visual Studio Version 16
VisualStudioVersion = 16.0.30204.135
MinimumVisualStudioVersion = 10.0.40219.1
Project("{FAE04EC0-301F-11D3-BF4B-00C04F79EFBC}") = "Vega", "Vega\Vega.csproj", "{983BA986-0A43-49EE-8B2B-F08C1E3CB8BF}"
EndProject
Global
	GlobalSection(SolutionConfigurationPlatforms) = preSolution
		Debug|Any CPU = Debug|Any CPU
		Release|Any CPU = Release|Any CPU
	EndGlobalSection
	GlobalSection(ProjectConfigurationPlatforms) = postSolution
		{983BA986-0A43-49EE-8B2B-F08C1E3CB8BF}.Debug|Any CPU.ActiveCfg = Debug|Any CPU
		{983BA986-0A43-49EE-8B2B-F08C1E3CB8BF}.Debug|Any CPU.Build.0 = Debug|Any CPU
		{983BA986-0A43-49EE-8B2B-F08C1E3CB8BF}.Release|Any CPU.ActiveCfg = Release|Any CPU
		{983BA986-0A43-49EE-8B2B-F08C1E3CB8BF}.Release|Any CPU.Build.0 = Release|Any CPU
	EndGlobalSection
	GlobalSection(SolutionProperties) = preSolution
		HideSolutionNode = FALSE
	EndGlobalSection
	GlobalSection(ExtensibilityGlobals) = postSolution
		SolutionGuid = {FB6C43F0-D694-4851-890A-6517578AB95F}
	EndGlobalSection
EndGlobal
